
Microsoft Visual Studio Solution File, Format Version 12.00
# Visual Studio Version 17
VisualStudioVersion = 17.0.32126.317
MinimumVisualStudioVersion = 10.0.40219.1
Project("{FAE04EC0-301F-11D3-BF4B-00C04F79EFBC}") = "EmitLogTopic", "EmitLogTopic.csproj", "{0F8917E3-07BD-40B5-8D74-1C7F5C4F58F2}"
EndProject
Global
	GlobalSection(SolutionConfigurationPlatforms) = preSolution
		Debug|Any CPU = Debug|Any CPU
		Release|Any CPU = Release|Any CPU
	EndGlobalSection
	GlobalSection(ProjectConfigurationPlatforms) = postSolution
		{0F8917E3-07BD-40B5-8D74-1C7F5C4F58F2}.Debug|Any CPU.ActiveCfg = Debug|Any CPU
		{0F8917E3-07BD-40B5-8D74-1C7F5C4F58F2}.Debug|Any CPU.Build.0 = Debug|Any CPU
		{0F8917E3-07BD-40B5-8D74-1C7F5C4F58F2}.Release|Any CPU.ActiveCfg = Release|Any CPU
		{0F8917E3-07BD-40B5-8D74-1C7F5C4F58F2}.Release|Any CPU.Build.0 = Release|Any CPU
	EndGlobalSection
	GlobalSection(SolutionProperties) = preSolution
		HideSolutionNode = FALSE
	EndGlobalSection
	GlobalSection(ExtensibilityGlobals) = postSolution
		SolutionGuid = {D7B06C6A-0375-4196-9C80-D55A2738FC22}
	EndGlobalSection
EndGlobal
