
Microsoft Visual Studio Solution File, Format Version 12.00
# Visual Studio Version 17
VisualStudioVersion = 17.0.32126.317
MinimumVisualStudioVersion = 10.0.40219.1
Project("{FAE04EC0-301F-11D3-BF4B-00C04F79EFBC}") = "ReceiveLogs", "ReceiveLogs.csproj", "{799F6E22-9DFD-4B3E-AE15-5FB2E6BDECAF}"
EndProject
Global
	GlobalSection(SolutionConfigurationPlatforms) = preSolution
		Debug|Any CPU = Debug|Any CPU
		Release|Any CPU = Release|Any CPU
	EndGlobalSection
	GlobalSection(ProjectConfigurationPlatforms) = postSolution
		{799F6E22-9DFD-4B3E-AE15-5FB2E6BDECAF}.Debug|Any CPU.ActiveCfg = Debug|Any CPU
		{799F6E22-9DFD-4B3E-AE15-5FB2E6BDECAF}.Debug|Any CPU.Build.0 = Debug|Any CPU
		{799F6E22-9DFD-4B3E-AE15-5FB2E6BDECAF}.Release|Any CPU.ActiveCfg = Release|Any CPU
		{799F6E22-9DFD-4B3E-AE15-5FB2E6BDECAF}.Release|Any CPU.Build.0 = Release|Any CPU
	EndGlobalSection
	GlobalSection(SolutionProperties) = preSolution
		HideSolutionNode = FALSE
	EndGlobalSection
	GlobalSection(ExtensibilityGlobals) = postSolution
		SolutionGuid = {EA389C19-AC39-4EC4-8692-E841218B8205}
	EndGlobalSection
EndGlobal
