
Microsoft Visual Studio Solution File, Format Version 12.00
# Visual Studio Version 17
VisualStudioVersion = 17.0.32126.317
MinimumVisualStudioVersion = 10.0.40219.1
Project("{FAE04EC0-301F-11D3-BF4B-00C04F79EFBC}") = "RPCClient", "RPCClient.csproj", "{0B71E813-4247-45D8-8EEE-166EB54B8BFC}"
EndProject
Global
	GlobalSection(SolutionConfigurationPlatforms) = preSolution
		Debug|Any CPU = Debug|Any CPU
		Release|Any CPU = Release|Any CPU
	EndGlobalSection
	GlobalSection(ProjectConfigurationPlatforms) = postSolution
		{0B71E813-4247-45D8-8EEE-166EB54B8BFC}.Debug|Any CPU.ActiveCfg = Debug|Any CPU
		{0B71E813-4247-45D8-8EEE-166EB54B8BFC}.Debug|Any CPU.Build.0 = Debug|Any CPU
		{0B71E813-4247-45D8-8EEE-166EB54B8BFC}.Release|Any CPU.ActiveCfg = Release|Any CPU
		{0B71E813-4247-45D8-8EEE-166EB54B8BFC}.Release|Any CPU.Build.0 = Release|Any CPU
	EndGlobalSection
	GlobalSection(SolutionProperties) = preSolution
		HideSolutionNode = FALSE
	EndGlobalSection
	GlobalSection(ExtensibilityGlobals) = postSolution
		SolutionGuid = {876AAAA0-2E31-4221-B561-5DE1E59BF5B2}
	EndGlobalSection
EndGlobal
